# DO NOT EDIT - Generated by skill-manager
# This file is auto-generated. To update, run `skill-manager install --update`

[[marketplace]]
name = "official"
url = "https://github.com/anthropics/claude-plugins-official.git"
commit = "27d2b86d72da27c64585150857cee8472ad47abb"

[[package]]
name = "code-simplifier"
marketplace = "official"
source_type = "local"
marketplace_commit = "27d2b86d72da27c64585150857cee8472ad47abb"
plugin_commit = "27d2b86d72da27c64585150857cee8472ad47abb"
resolved_version = "1.0.0"
